// !$*UTF8*$!
{
	archiveVersion = 1;
	classes = {
	};
	objectVersion = 77;
	objects = {

/* Begin PBXBuildFile section */
		01C6960DD6B71B0DFC2F31D2 /* Assets.xcassets in Resources */ = {isa = PBXBuildFile; fileRef = 130BEDC5315FFCE5F30C5530 /* Assets.xcassets */; };
		0C1FB387A02E42218D94E1C2 /* DiskSpaceService.swift in Sources */ = {isa = PBXBuildFile; fileRef = 2A702EAA2CE3FB7AA2AA4DA7 /* DiskSpaceService.swift */; };
		15F661DA33832B0DDA768911 /* FullDiskAccessService.swift in Sources */ = {isa = PBXBuildFile; fileRef = D44BEC7001E3F9DF9829CD4F /* FullDiskAccessService.swift */; };
		1611116B64EC3BC736FD7407 /* MacSweeperApp.swift in Sources */ = {isa = PBXBuildFile; fileRef = 831085989A1B279E4F518F34 /* MacSweeperApp.swift */; };
		4A0A02BFD855CD50F49D0518 /* AuditLogService.swift in Sources */ = {isa = PBXBuildFile; fileRef = F36E0F5DF82E0A4A84314D2E /* AuditLogService.swift */; };
		6C10E493BD6E913FD9487BB7 /* ScanEngine.swift in Sources */ = {isa = PBXBuildFile; fileRef = A88BF90177A8C59D9B06421D /* ScanEngine.swift */; };
		72C038B941B1C89FBAE08E25 /* CategoryDetailView.swift in Sources */ = {isa = PBXBuildFile; fileRef = 59072EA92D81657972BBA87B /* CategoryDetailView.swift */; };
		7521D963D8D8FBEDC3BACF28 /* ScanResult.swift in Sources */ = {isa = PBXBuildFile; fileRef = 058449D8D50A0F46CDC1C7DD /* ScanResult.swift */; };
		8B1CA678A0A7A1B1FD2A2F92 /* CleanFlowView.swift in Sources */ = {isa = PBXBuildFile; fileRef = 42701C072F2FCC237BBE4588 /* CleanFlowView.swift */; };
		8FA57A142DAC66B8D3CA90B0 /* ScanCategory.swift in Sources */ = {isa = PBXBuildFile; fileRef = 803C24AB453B82AEAE0D8127 /* ScanCategory.swift */; };
		9F780ED58C215B516D4B6CBB /* HomeView.swift in Sources */ = {isa = PBXBuildFile; fileRef = A42846CF146659AB5D63326C /* HomeView.swift */; };
		B7EACD8A3AF80B09F6017925 /* CleanupService.swift in Sources */ = {isa = PBXBuildFile; fileRef = 03415387026D5AE19CD73007 /* CleanupService.swift */; };
		C5259E6D5AA208680DA72AF5 /* cleanup-rules.json in Resources */ = {isa = PBXBuildFile; fileRef = F74B6AAA7D166E0BA57A1EBE /* cleanup-rules.json */; };
		CB29CC1C764F0BE791A46E19 /* RiskLevel.swift in Sources */ = {isa = PBXBuildFile; fileRef = AC2CCB0413DD8BB7F38B70A5 /* RiskLevel.swift */; };
		FA1CC27A472F42AB7F8E47BD /* ScanResultsView.swift in Sources */ = {isa = PBXBuildFile; fileRef = 22FE54B1BAE4E12DD6D53D25 /* ScanResultsView.swift */; };
/* End PBXBuildFile section */

/* Begin PBXFileReference section */
		03415387026D5AE19CD73007 /* CleanupService.swift */ = {isa = PBXFileReference; lastKnownFileType = sourcecode.swift; path = CleanupService.swift; sourceTree = "<group>"; };
		058449D8D50A0F46CDC1C7DD /* ScanResult.swift */ = {isa = PBXFileReference; lastKnownFileType = sourcecode.swift; path = ScanResult.swift; sourceTree = "<group>"; };
		130BEDC5315FFCE5F30C5530 /* Assets.xcassets */ = {isa = PBXFileReference; lastKnownFileType = folder.assetcatalog; path = Assets.xcassets; sourceTree = "<group>"; };
		22FE54B1BAE4E12DD6D53D25 /* ScanResultsView.swift */ = {isa = PBXFileReference; lastKnownFileType = sourcecode.swift; path = ScanResultsView.swift; sourceTree = "<group>"; };
		2A702EAA2CE3FB7AA2AA4DA7 /* DiskSpaceService.swift */ = {isa = PBXFileReference; lastKnownFileType = sourcecode.swift; path = DiskSpaceService.swift; sourceTree = "<group>"; };
		42701C072F2FCC237BBE4588 /* CleanFlowView.swift */ = {isa = PBXFileReference; lastKnownFileType = sourcecode.swift; path = CleanFlowView.swift; sourceTree = "<group>"; };
		59072EA92D81657972BBA87B /* CategoryDetailView.swift */ = {isa = PBXFileReference; lastKnownFileType = sourcecode.swift; path = CategoryDetailView.swift; sourceTree = "<group>"; };
		803C24AB453B82AEAE0D8127 /* ScanCategory.swift */ = {isa = PBXFileReference; lastKnownFileType = sourcecode.swift; path = ScanCategory.swift; sourceTree = "<group>"; };
		831085989A1B279E4F518F34 /* MacSweeperApp.swift */ = {isa = PBXFileReference; lastKnownFileType = sourcecode.swift; path = MacSweeperApp.swift; sourceTree = "<group>"; };
		A42846CF146659AB5D63326C /* HomeView.swift */ = {isa = PBXFileReference; lastKnownFileType = sourcecode.swift; path = HomeView.swift; sourceTree = "<group>"; };
		A88BF90177A8C59D9B06421D /* ScanEngine.swift */ = {isa = PBXFileReference; lastKnownFileType = sourcecode.swift; path = ScanEngine.swift; sourceTree = "<group>"; };
		AC2CCB0413DD8BB7F38B70A5 /* RiskLevel.swift */ = {isa = PBXFileReference; lastKnownFileType = sourcecode.swift; path = RiskLevel.swift; sourceTree = "<group>"; };
		D44BEC7001E3F9DF9829CD4F /* FullDiskAccessService.swift */ = {isa = PBXFileReference; lastKnownFileType = sourcecode.swift; path = FullDiskAccessService.swift; sourceTree = "<group>"; };
		E241B0B13067F89EE9B0D28E /* MacSweeper.app */ = {isa = PBXFileReference; explicitFileType = wrapper.application; includeInIndex = 0; path = MacSweeper.app; sourceTree = BUILT_PRODUCTS_DIR; };
		F36E0F5DF82E0A4A84314D2E /* AuditLogService.swift */ = {isa = PBXFileReference; lastKnownFileType = sourcecode.swift; path = AuditLogService.swift; sourceTree = "<group>"; };
		F74B6AAA7D166E0BA57A1EBE /* cleanup-rules.json */ = {isa = PBXFileReference; lastKnownFileType = text.json; path = "cleanup-rules.json"; sourceTree = "<group>"; };
/* End PBXFileReference section */

/* Begin PBXGroup section */
		0207318A949AD78A6CFFCC58 = {
			isa = PBXGroup;
			children = (
				6953557CA675AE5737F3D6F5 /* MacSweeper */,
				0648C368323BA35AA6ABE033 /* Products */,
			);
			sourceTree = "<group>";
		};
		0648C368323BA35AA6ABE033 /* Products */ = {
			isa = PBXGroup;
			children = (
				E241B0B13067F89EE9B0D28E /* MacSweeper.app */,
			);
			name = Products;
			sourceTree = "<group>";
		};
		07A7E5A1EFADCEDFB3C4F969 /* Views */ = {
			isa = PBXGroup;
			children = (
				59072EA92D81657972BBA87B /* CategoryDetailView.swift */,
				42701C072F2FCC237BBE4588 /* CleanFlowView.swift */,
				A42846CF146659AB5D63326C /* HomeView.swift */,
				22FE54B1BAE4E12DD6D53D25 /* ScanResultsView.swift */,
			);
			path = Views;
			sourceTree = "<group>";
		};
		248E7D959E8D5145F9B13640 /* Services */ = {
			isa = PBXGroup;
			children = (
				F36E0F5DF82E0A4A84314D2E /* AuditLogService.swift */,
				03415387026D5AE19CD73007 /* CleanupService.swift */,
				2A702EAA2CE3FB7AA2AA4DA7 /* DiskSpaceService.swift */,
				D44BEC7001E3F9DF9829CD4F /* FullDiskAccessService.swift */,
				A88BF90177A8C59D9B06421D /* ScanEngine.swift */,
			);
			path = Services;
			sourceTree = "<group>";
		};
		44F2E76C58839FFEBDCE7AA6 /* Resources */ = {
			isa = PBXGroup;
			children = (
				F74B6AAA7D166E0BA57A1EBE /* cleanup-rules.json */,
			);
			path = Resources;
			sourceTree = "<group>";
		};
		6953557CA675AE5737F3D6F5 /* MacSweeper */ = {
			isa = PBXGroup;
			children = (
				9B609A276A529CCE2E3D7663 /* App */,
				C9ED7F7CB9B106697C38F14A /* Models */,
				44F2E76C58839FFEBDCE7AA6 /* Resources */,
				248E7D959E8D5145F9B13640 /* Services */,
				07A7E5A1EFADCEDFB3C4F969 /* Views */,
				130BEDC5315FFCE5F30C5530 /* Assets.xcassets */,
			);
			path = MacSweeper;
			sourceTree = "<group>";
		};
		9B609A276A529CCE2E3D7663 /* App */ = {
			isa = PBXGroup;
			children = (
				831085989A1B279E4F518F34 /* MacSweeperApp.swift */,
			);
			path = App;
			sourceTree = "<group>";
		};
		C9ED7F7CB9B106697C38F14A /* Models */ = {
			isa = PBXGroup;
			children = (
				AC2CCB0413DD8BB7F38B70A5 /* RiskLevel.swift */,
				803C24AB453B82AEAE0D8127 /* ScanCategory.swift */,
				058449D8D50A0F46CDC1C7DD /* ScanResult.swift */,
			);
			path = Models;
			sourceTree = "<group>";
		};
/* End PBXGroup section */

/* Begin PBXNativeTarget section */
		B6A436353F0E94BBA7C65057 /* MacSweeper */ = {
			isa = PBXNativeTarget;
			buildConfigurationList = 63E738C8E8A76D4C4D74F826 /* Build configuration list for PBXNativeTarget "MacSweeper" */;
			buildPhases = (
				6EDFD64AC436D54A78579947 /* Sources */,
				C2E0D35687778A35512C4B1E /* Resources */,
			);
			buildRules = (
			);
			dependencies = (
			);
			name = MacSweeper;
			packageProductDependencies = (
			);
			productName = MacSweeper;
			productReference = E241B0B13067F89EE9B0D28E /* MacSweeper.app */;
			productType = "com.apple.product-type.application";
		};
/* End PBXNativeTarget section */

/* Begin PBXProject section */
		E6E4DF77A052199810BF33D2 /* Project object */ = {
			isa = PBXProject;
			attributes = {
				BuildIndependentTargetsInParallel = YES;
				LastUpgradeCheck = 1430;
				TargetAttributes = {
					B6A436353F0E94BBA7C65057 = {
						ProvisioningStyle = Automatic;
					};
				};
			};
			buildConfigurationList = 9CB306BE8D446BC611B146F9 /* Build configuration list for PBXProject "MacSweeper" */;
			compatibilityVersion = "Xcode 14.0";
			developmentRegion = en;
			hasScannedForEncodings = 0;
			knownRegions = (
				Base,
				en,
			);
			mainGroup = 0207318A949AD78A6CFFCC58;
			minimizedProjectReferenceProxies = 1;
			preferredProjectObjectVersion = 77;
			projectDirPath = "";
			projectRoot = "";
			targets = (
				B6A436353F0E94BBA7C65057 /* MacSweeper */,
			);
		};
/* End PBXProject section */

/* Begin PBXResourcesBuildPhase section */
		C2E0D35687778A35512C4B1E /* Resources */ = {
			isa = PBXResourcesBuildPhase;
			buildActionMask = 2147483647;
			files = (
				01C6960DD6B71B0DFC2F31D2 /* Assets.xcassets in Resources */,
				C5259E6D5AA208680DA72AF5 /* cleanup-rules.json in Resources */,
			);
			runOnlyForDeploymentPostprocessing = 0;
		};
/* End PBXResourcesBuildPhase section */

/* Begin PBXSourcesBuildPhase section */
		6EDFD64AC436D54A78579947 /* Sources */ = {
			isa = PBXSourcesBuildPhase;
			buildActionMask = 2147483647;
			files = (
				4A0A02BFD855CD50F49D0518 /* AuditLogService.swift in Sources */,
				72C038B941B1C89FBAE08E25 /* CategoryDetailView.swift in Sources */,
				8B1CA678A0A7A1B1FD2A2F92 /* CleanFlowView.swift in Sources */,
				B7EACD8A3AF80B09F6017925 /* CleanupService.swift in Sources */,
				0C1FB387A02E42218D94E1C2 /* DiskSpaceService.swift in Sources */,
				15F661DA33832B0DDA768911 /* FullDiskAccessService.swift in Sources */,
				9F780ED58C215B516D4B6CBB /* HomeView.swift in Sources */,
				1611116B64EC3BC736FD7407 /* MacSweeperApp.swift in Sources */,
				CB29CC1C764F0BE791A46E19 /* RiskLevel.swift in Sources */,
				8FA57A142DAC66B8D3CA90B0 /* ScanCategory.swift in Sources */,
				6C10E493BD6E913FD9487BB7 /* ScanEngine.swift in Sources */,
				7521D963D8D8FBEDC3BACF28 /* ScanResult.swift in Sources */,
				FA1CC27A472F42AB7F8E47BD /* ScanResultsView.swift in Sources */,
			);
			runOnlyForDeploymentPostprocessing = 0;
		};
/* End PBXSourcesBuildPhase section */

/* Begin XCBuildConfiguration section */
		229AE263103531521D46F8B0 /* Debug */ = {
			isa = XCBuildConfiguration;
			buildSettings = {
				ALWAYS_SEARCH_USER_PATHS = NO;
				CLANG_ANALYZER_NONNULL = YES;
				CLANG_ANALYZER_NUMBER_OBJECT_CONVERSION = YES_AGGRESSIVE;
				CLANG_CXX_LANGUAGE_STANDARD = "gnu++14";
				CLANG_CXX_LIBRARY = "libc++";
				CLANG_ENABLE_MODULES = YES;
				CLANG_ENABLE_OBJC_ARC = YES;
				CLANG_ENABLE_OBJC_WEAK = YES;
				CLANG_WARN_BLOCK_CAPTURE_AUTORELEASING = YES;
				CLANG_WARN_BOOL_CONVERSION = YES;
				CLANG_WARN_COMMA = YES;
				CLANG_WARN_CONSTANT_CONVERSION = YES;
				CLANG_WARN_DEPRECATED_OBJC_IMPLEMENTATIONS = YES;
				CLANG_WARN_DIRECT_OBJC_ISA_USAGE = YES_ERROR;
				CLANG_WARN_DOCUMENTATION_COMMENTS = YES;
				CLANG_WARN_EMPTY_BODY = YES;
				CLANG_WARN_ENUM_CONVERSION = YES;
				CLANG_WARN_INFINITE_RECURSION = YES;
				CLANG_WARN_INT_CONVERSION = YES;
				CLANG_WARN_NON_LITERAL_NULL_CONVERSION = YES;
				CLANG_WARN_OBJC_IMPLICIT_RETAIN_SELF = YES;
				CLANG_WARN_OBJC_LITERAL_CONVERSION = YES;
				CLANG_WARN_OBJC_ROOT_CLASS = YES_ERROR;
				CLANG_WARN_QUOTED_INCLUDE_IN_FRAMEWORK_HEADER = YES;
				CLANG_WARN_RANGE_LOOP_ANALYSIS = YES;
				CLANG_WARN_STRICT_PROTOTYPES = YES;
				CLANG_WARN_SUSPICIOUS_MOVE = YES;
				CLANG_WARN_UNGUARDED_AVAILABILITY = YES_AGGRESSIVE;
				CLANG_WARN_UNREACHABLE_CODE = YES;
				CLANG_WARN__DUPLICATE_METHOD_MATCH = YES;
				COPY_PHASE_STRIP = NO;
				DEBUG_INFORMATION_FORMAT = dwarf;
				ENABLE_STRICT_OBJC_MSGSEND = YES;
				ENABLE_TESTABILITY = YES;
				GCC_C_LANGUAGE_STANDARD = gnu11;
				GCC_DYNAMIC_NO_PIC = NO;
				GCC_NO_COMMON_BLOCKS = YES;
				GCC_OPTIMIZATION_LEVEL = 0;
				GCC_PREPROCESSOR_DEFINITIONS = (
					"$(inherited)",
					"DEBUG=1",
				);
				GCC_WARN_64_TO_32_BIT_CONVERSION = YES;
				GCC_WARN_ABOUT_RETURN_TYPE = YES_ERROR;
				GCC_WARN_UNDECLARED_SELECTOR = YES;
				GCC_WARN_UNINITIALIZED_AUTOS = YES_AGGRESSIVE;
				GCC_WARN_UNUSED_FUNCTION = YES;
				GCC_WARN_UNUSED_VARIABLE = YES;
				MACOSX_DEPLOYMENT_TARGET = 14.0;
				MTL_ENABLE_DEBUG_INFO = INCLUDE_SOURCE;
				MTL_FAST_MATH = YES;
				ONLY_ACTIVE_ARCH = YES;
				PRODUCT_NAME = "$(TARGET_NAME)";
				SDKROOT = macosx;
				SWIFT_ACTIVE_COMPILATION_CONDITIONS = DEBUG;
				SWIFT_OPTIMIZATION_LEVEL = "-Onone";
				SWIFT_VERSION = 5.9;
			};
			name = Debug;
		};
		480995877FFD3D865497551E /* Release */ = {
			isa = XCBuildConfiguration;
			buildSettings = {
				ASSETCATALOG_COMPILER_APPICON_NAME = AppIcon;
				CODE_SIGN_STYLE = Automatic;
				COMBINE_HIDPI_IMAGES = YES;
				CURRENT_PROJECT_VERSION = 1;
				ENABLE_HARDENED_RUNTIME = YES;
				GENERATE_INFOPLIST_FILE = YES;
				INFOPLIST_KEY_CFBundleDisplayName = MacSweeper;
				INFOPLIST_KEY_LSApplicationCategoryType = "public.app-category.utilities";
				INFOPLIST_KEY_NSHumanReadableCopyright = "Copyright © 2026 Sai Prashanth";
				INFOPLIST_KEY_NSPrincipalClass = NSApplication;
				LD_RUNPATH_SEARCH_PATHS = (
					"$(inherited)",
					"@executable_path/../Frameworks",
				);
				MARKETING_VERSION = 0.1.0;
				PRODUCT_BUNDLE_IDENTIFIER = com.macsweeper.app;
				PRODUCT_NAME = MacSweeper;
				SDKROOT = macosx;
			};
			name = Release;
		};
		8248ED2972F6F173A5BA1596 /* Debug */ = {
			isa = XCBuildConfiguration;
			buildSettings = {
				ASSETCATALOG_COMPILER_APPICON_NAME = AppIcon;
				CODE_SIGN_STYLE = Automatic;
				COMBINE_HIDPI_IMAGES = YES;
				CURRENT_PROJECT_VERSION = 1;
				ENABLE_HARDENED_RUNTIME = YES;
				GENERATE_INFOPLIST_FILE = YES;
				INFOPLIST_KEY_CFBundleDisplayName = MacSweeper;
				INFOPLIST_KEY_LSApplicationCategoryType = "public.app-category.utilities";
				INFOPLIST_KEY_NSHumanReadableCopyright = "Copyright © 2026 Sai Prashanth";
				INFOPLIST_KEY_NSPrincipalClass = NSApplication;
				LD_RUNPATH_SEARCH_PATHS = (
					"$(inherited)",
					"@executable_path/../Frameworks",
				);
				MARKETING_VERSION = 0.1.0;
				PRODUCT_BUNDLE_IDENTIFIER = com.macsweeper.app;
				PRODUCT_NAME = MacSweeper;
				SDKROOT = macosx;
			};
			name = Debug;
		};
		CC48F9FBEAEAD20504789657 /* Release */ = {
			isa = XCBuildConfiguration;
			buildSettings = {
				ALWAYS_SEARCH_USER_PATHS = NO;
				CLANG_ANALYZER_NONNULL = YES;
				CLANG_ANALYZER_NUMBER_OBJECT_CONVERSION = YES_AGGRESSIVE;
				CLANG_CXX_LANGUAGE_STANDARD = "gnu++14";
				CLANG_CXX_LIBRARY = "libc++";
				CLANG_ENABLE_MODULES = YES;
				CLANG_ENABLE_OBJC_ARC = YES;
				CLANG_ENABLE_OBJC_WEAK = YES;
				CLANG_WARN_BLOCK_CAPTURE_AUTORELEASING = YES;
				CLANG_WARN_BOOL_CONVERSION = YES;
				CLANG_WARN_COMMA = YES;
				CLANG_WARN_CONSTANT_CONVERSION = YES;
				CLANG_WARN_DEPRECATED_OBJC_IMPLEMENTATIONS = YES;
				CLANG_WARN_DIRECT_OBJC_ISA_USAGE = YES_ERROR;
				CLANG_WARN_DOCUMENTATION_COMMENTS = YES;
				CLANG_WARN_EMPTY_BODY = YES;
				CLANG_WARN_ENUM_CONVERSION = YES;
				CLANG_WARN_INFINITE_RECURSION = YES;
				CLANG_WARN_INT_CONVERSION = YES;
				CLANG_WARN_NON_LITERAL_NULL_CONVERSION = YES;
				CLANG_WARN_OBJC_IMPLICIT_RETAIN_SELF = YES;
				CLANG_WARN_OBJC_LITERAL_CONVERSION = YES;
				CLANG_WARN_OBJC_ROOT_CLASS = YES_ERROR;
				CLANG_WARN_QUOTED_INCLUDE_IN_FRAMEWORK_HEADER = YES;
				CLANG_WARN_RANGE_LOOP_ANALYSIS = YES;
				CLANG_WARN_STRICT_PROTOTYPES = YES;
				CLANG_WARN_SUSPICIOUS_MOVE = YES;
				CLANG_WARN_UNGUARDED_AVAILABILITY = YES_AGGRESSIVE;
				CLANG_WARN_UNREACHABLE_CODE = YES;
				CLANG_WARN__DUPLICATE_METHOD_MATCH = YES;
				COPY_PHASE_STRIP = NO;
				DEBUG_INFORMATION_FORMAT = "dwarf-with-dsym";
				ENABLE_NS_ASSERTIONS = NO;
				ENABLE_STRICT_OBJC_MSGSEND = YES;
				GCC_C_LANGUAGE_STANDARD = gnu11;
				GCC_NO_COMMON_BLOCKS = YES;
				GCC_WARN_64_TO_32_BIT_CONVERSION = YES;
				GCC_WARN_ABOUT_RETURN_TYPE = YES_ERROR;
				GCC_WARN_UNDECLARED_SELECTOR = YES;
				GCC_WARN_UNINITIALIZED_AUTOS = YES_AGGRESSIVE;
				GCC_WARN_UNUSED_FUNCTION = YES;
				GCC_WARN_UNUSED_VARIABLE = YES;
				MACOSX_DEPLOYMENT_TARGET = 14.0;
				MTL_ENABLE_DEBUG_INFO = NO;
				MTL_FAST_MATH = YES;
				PRODUCT_NAME = "$(TARGET_NAME)";
				SDKROOT = macosx;
				SWIFT_COMPILATION_MODE = wholemodule;
				SWIFT_OPTIMIZATION_LEVEL = "-O";
				SWIFT_VERSION = 5.9;
			};
			name = Release;
		};
/* End XCBuildConfiguration section */

/* Begin XCConfigurationList section */
		63E738C8E8A76D4C4D74F826 /* Build configuration list for PBXNativeTarget "MacSweeper" */ = {
			isa = XCConfigurationList;
			buildConfigurations = (
				8248ED2972F6F173A5BA1596 /* Debug */,
				480995877FFD3D865497551E /* Release */,
			);
			defaultConfigurationIsVisible = 0;
			defaultConfigurationName = Debug;
		};
		9CB306BE8D446BC611B146F9 /* Build configuration list for PBXProject "MacSweeper" */ = {
			isa = XCConfigurationList;
			buildConfigurations = (
				229AE263103531521D46F8B0 /* Debug */,
				CC48F9FBEAEAD20504789657 /* Release */,
			);
			defaultConfigurationIsVisible = 0;
			defaultConfigurationName = Debug;
		};
/* End XCConfigurationList section */
	};
	rootObject = E6E4DF77A052199810BF33D2 /* Project object */;
}
